// !$*UTF8*$!
{
	archiveVersion = 1;
	classes = {
	};
	objectVersion = 46;
	objects = {

/* Begin PBXBuildFile section */
		0D70E51B2F347CD8C0C6FFF4 /* Pods_capital_.framework in Frameworks */ = {isa = PBXBuildFile; fileRef = ED805014B783EE0B08BCCBA1 /* Pods_capital_.framework */; };
		219FDBA11D2E0EC300A5FC2D /* User.swift in Sources */ = {isa = PBXBuildFile; fileRef = 219FDBA01D2E0EC300A5FC2D /* User.swift */; };
		21C061E31D2D5D7900260FAF /* AppDelegate.swift in Sources */ = {isa = PBXBuildFile; fileRef = 21C061E21D2D5D7900260FAF /* AppDelegate.swift */; };
		21C061E81D2D5D7900260FAF /* Main.storyboard in Resources */ = {isa = PBXBuildFile; fileRef = 21C061E61D2D5D7900260FAF /* Main.storyboard */; };
		21C061EA1D2D5D7900260FAF /* Assets.xcassets in Resources */ = {isa = PBXBuildFile; fileRef = 21C061E91D2D5D7900260FAF /* Assets.xcassets */; };
		21C061ED1D2D5D7900260FAF /* LaunchScreen.storyboard in Resources */ = {isa = PBXBuildFile; fileRef = 21C061EB1D2D5D7900260FAF /* LaunchScreen.storyboard */; };
		21C061F51D2D735800260FAF /* LoginViewController.swift in Sources */ = {isa = PBXBuildFile; fileRef = 21C061F41D2D735800260FAF /* LoginViewController.swift */; };
		21C061FB1D2D767000260FAF /* AssistanceViewController.swift in Sources */ = {isa = PBXBuildFile; fileRef = 21C061FA1D2D767000260FAF /* AssistanceViewController.swift */; };
		21C061FD1D2D767A00260FAF /* OrderViewController.swift in Sources */ = {isa = PBXBuildFile; fileRef = 21C061FC1D2D767A00260FAF /* OrderViewController.swift */; };
		21C061FF1D2D769200260FAF /* SettingsViewController.swift in Sources */ = {isa = PBXBuildFile; fileRef = 21C061FE1D2D769200260FAF /* SettingsViewController.swift */; };
		21C062031D2D912800260FAF /* IssueTableViewCell.swift in Sources */ = {isa = PBXBuildFile; fileRef = 21C062021D2D912800260FAF /* IssueTableViewCell.swift */; };
		21D244E21D2EB1D100DEF7D6 /* HelpFoundViewController.swift in Sources */ = {isa = PBXBuildFile; fileRef = 21D244E11D2EB1D100DEF7D6 /* HelpFoundViewController.swift */; };
/* End PBXBuildFile section */

/* Begin PBXFileReference section */
		0BFAB7D0072C472DA1BFBD15 /* Pods-capital💯.release.xcconfig */ = {isa = PBXFileReference; includeInIndex = 1; lastKnownFileType = text.xcconfig; name = "Pods-capital💯.release.xcconfig"; path = "Pods/Target Support Files/Pods-capital💯/Pods-capital💯.release.xcconfig"; sourceTree = "<group>"; };
		1A83DAB9B48A8A4C0B188883 /* Pods-capital💯.debug.xcconfig */ = {isa = PBXFileReference; includeInIndex = 1; lastKnownFileType = text.xcconfig; name = "Pods-capital💯.debug.xcconfig"; path = "Pods/Target Support Files/Pods-capital💯/Pods-capital💯.debug.xcconfig"; sourceTree = "<group>"; };
		219FDBA01D2E0EC300A5FC2D /* User.swift */ = {isa = PBXFileReference; fileEncoding = 4; lastKnownFileType = sourcecode.swift; path = User.swift; sourceTree = "<group>"; };
		21C061DF1D2D5D7900260FAF /* capital💯.app */ = {isa = PBXFileReference; explicitFileType = wrapper.application; includeInIndex = 0; path = "capital💯.app"; sourceTree = BUILT_PRODUCTS_DIR; };
		21C061E21D2D5D7900260FAF /* AppDelegate.swift */ = {isa = PBXFileReference; lastKnownFileType = sourcecode.swift; path = AppDelegate.swift; sourceTree = "<group>"; };
		21C061E71D2D5D7900260FAF /* Base */ = {isa = PBXFileReference; lastKnownFileType = file.storyboard; name = Base; path = Base.lproj/Main.storyboard; sourceTree = "<group>"; };
		21C061E91D2D5D7900260FAF /* Assets.xcassets */ = {isa = PBXFileReference; lastKnownFileType = folder.assetcatalog; path = Assets.xcassets; sourceTree = "<group>"; };
		21C061EC1D2D5D7900260FAF /* Base */ = {isa = PBXFileReference; lastKnownFileType = file.storyboard; name = Base; path = Base.lproj/LaunchScreen.storyboard; sourceTree = "<group>"; };
		21C061EE1D2D5D7900260FAF /* Info.plist */ = {isa = PBXFileReference; lastKnownFileType = text.plist.xml; path = Info.plist; sourceTree = "<group>"; };
		21C061F41D2D735800260FAF /* LoginViewController.swift */ = {isa = PBXFileReference; fileEncoding = 4; lastKnownFileType = sourcecode.swift; path = LoginViewController.swift; sourceTree = "<group>"; };
		21C061FA1D2D767000260FAF /* AssistanceViewController.swift */ = {isa = PBXFileReference; fileEncoding = 4; lastKnownFileType = sourcecode.swift; path = AssistanceViewController.swift; sourceTree = "<group>"; };
		21C061FC1D2D767A00260FAF /* OrderViewController.swift */ = {isa = PBXFileReference; fileEncoding = 4; lastKnownFileType = sourcecode.swift; path = OrderViewController.swift; sourceTree = "<group>"; };
		21C061FE1D2D769200260FAF /* SettingsViewController.swift */ = {isa = PBXFileReference; fileEncoding = 4; lastKnownFileType = sourcecode.swift; path = SettingsViewController.swift; sourceTree = "<group>"; };
		21C062021D2D912800260FAF /* IssueTableViewCell.swift */ = {isa = PBXFileReference; fileEncoding = 4; lastKnownFileType = sourcecode.swift; path = IssueTableViewCell.swift; sourceTree = "<group>"; };
		21D244E11D2EB1D100DEF7D6 /* HelpFoundViewController.swift */ = {isa = PBXFileReference; fileEncoding = 4; lastKnownFileType = sourcecode.swift; path = HelpFoundViewController.swift; sourceTree = "<group>"; };
		ED805014B783EE0B08BCCBA1 /* Pods_capital_.framework */ = {isa = PBXFileReference; explicitFileType = wrapper.framework; includeInIndex = 0; path = Pods_capital_.framework; sourceTree = BUILT_PRODUCTS_DIR; };
/* End PBXFileReference section */

/* Begin PBXFrameworksBuildPhase section */
		21C061DC1D2D5D7900260FAF /* Frameworks */ = {
			isa = PBXFrameworksBuildPhase;
			buildActionMask = 2147483647;
			files = (
				0D70E51B2F347CD8C0C6FFF4 /* Pods_capital_.framework in Frameworks */,
			);
			runOnlyForDeploymentPostprocessing = 0;
		};
/* End PBXFrameworksBuildPhase section */

/* Begin PBXGroup section */
		21C061D61D2D5D7900260FAF = {
			isa = PBXGroup;
			children = (
				21C061E11D2D5D7900260FAF /* capital💯 */,
				21C061E01D2D5D7900260FAF /* Products */,
				6C0D9AA28B4657626371C656 /* Pods */,
				D36E4ADC87CD9405F4A3D0EF /* Frameworks */,
			);
			sourceTree = "<group>";
		};
		21C061E01D2D5D7900260FAF /* Products */ = {
			isa = PBXGroup;
			children = (
				21C061DF1D2D5D7900260FAF /* capital💯.app */,
			);
			name = Products;
			sourceTree = "<group>";
		};
		21C061E11D2D5D7900260FAF /* capital💯 */ = {
			isa = PBXGroup;
			children = (
				21C061F91D2D765F00260FAF /* API */,
				21C061F81D2D761200260FAF /* Views */,
				21C061F71D2D75D000260FAF /* Models */,
				21C061F61D2D74FC00260FAF /* Controllers */,
				21C061E21D2D5D7900260FAF /* AppDelegate.swift */,
				21C061E61D2D5D7900260FAF /* Main.storyboard */,
				21C061E91D2D5D7900260FAF /* Assets.xcassets */,
				21C061EB1D2D5D7900260FAF /* LaunchScreen.storyboard */,
				21C061EE1D2D5D7900260FAF /* Info.plist */,
			);
			path = "capital💯";
			sourceTree = "<group>";
		};
		21C061F61D2D74FC00260FAF /* Controllers */ = {
			isa = PBXGroup;
			children = (
				21C061F41D2D735800260FAF /* LoginViewController.swift */,
				21C061FA1D2D767000260FAF /* AssistanceViewController.swift */,
				21C061FC1D2D767A00260FAF /* OrderViewController.swift */,
				21C061FE1D2D769200260FAF /* SettingsViewController.swift */,
				21D244E11D2EB1D100DEF7D6 /* HelpFoundViewController.swift */,
			);
			name = Controllers;
			sourceTree = "<group>";
		};
		21C061F71D2D75D000260FAF /* Models */ = {
			isa = PBXGroup;
			children = (
				219FDBA01D2E0EC300A5FC2D /* User.swift */,
			);
			name = Models;
			sourceTree = "<group>";
		};
		21C061F81D2D761200260FAF /* Views */ = {
			isa = PBXGroup;
			children = (
				21C062021D2D912800260FAF /* IssueTableViewCell.swift */,
			);
			name = Views;
			sourceTree = "<group>";
		};
		21C061F91D2D765F00260FAF /* API */ = {
			isa = PBXGroup;
			children = (
			);
			name = API;
			sourceTree = "<group>";
		};
		6C0D9AA28B4657626371C656 /* Pods */ = {
			isa = PBXGroup;
			children = (
				1A83DAB9B48A8A4C0B188883 /* Pods-capital💯.debug.xcconfig */,
				0BFAB7D0072C472DA1BFBD15 /* Pods-capital💯.release.xcconfig */,
			);
			name = Pods;
			sourceTree = "<group>";
		};
		D36E4ADC87CD9405F4A3D0EF /* Frameworks */ = {
			isa = PBXGroup;
			children = (
				ED805014B783EE0B08BCCBA1 /* Pods_capital_.framework */,
			);
			name = Frameworks;
			sourceTree = "<group>";
		};
/* End PBXGroup section */

/* Begin PBXNativeTarget section */
		21C061DE1D2D5D7900260FAF /* capital💯 */ = {
			isa = PBXNativeTarget;
			buildConfigurationList = 21C061F11D2D5D7900260FAF /* Build configuration list for PBXNativeTarget "capital💯" */;
			buildPhases = (
				72AEA5CFA3A3F3C05D79F2A4 /* [CP] Check Pods Manifest.lock */,
				21C061DB1D2D5D7900260FAF /* Sources */,
				21C061DC1D2D5D7900260FAF /* Frameworks */,
				21C061DD1D2D5D7900260FAF /* Resources */,
				AC8E204BCC2A32EFC4CD87C3 /* [CP] Embed Pods Frameworks */,
				877FE46E275EA70C3BB261A3 /* [CP] Copy Pods Resources */,
			);
			buildRules = (
			);
			dependencies = (
			);
			name = "capital💯";
			productName = "capital💯";
			productReference = 21C061DF1D2D5D7900260FAF /* capital💯.app */;
			productType = "com.apple.product-type.application";
		};
/* End PBXNativeTarget section */

/* Begin PBXProject section */
		21C061D71D2D5D7900260FAF /* Project object */ = {
			isa = PBXProject;
			attributes = {
				LastSwiftUpdateCheck = 0730;
				LastUpgradeCheck = 0730;
				ORGANIZATIONNAME = "Wilson,Kyle";
				TargetAttributes = {
					21C061DE1D2D5D7900260FAF = {
						CreatedOnToolsVersion = 7.3.1;
					};
				};
			};
			buildConfigurationList = 21C061DA1D2D5D7900260FAF /* Build configuration list for PBXProject "capital💯" */;
			compatibilityVersion = "Xcode 3.2";
			developmentRegion = English;
			hasScannedForEncodings = 0;
			knownRegions = (
				en,
				Base,
			);
			mainGroup = 21C061D61D2D5D7900260FAF;
			productRefGroup = 21C061E01D2D5D7900260FAF /* Products */;
			projectDirPath = "";
			projectRoot = "";
			targets = (
				21C061DE1D2D5D7900260FAF /* capital💯 */,
			);
		};
/* End PBXProject section */

/* Begin PBXResourcesBuildPhase section */
		21C061DD1D2D5D7900260FAF /* Resources */ = {
			isa = PBXResourcesBuildPhase;
			buildActionMask = 2147483647;
			files = (
				21C061ED1D2D5D7900260FAF /* LaunchScreen.storyboard in Resources */,
				21C061EA1D2D5D7900260FAF /* Assets.xcassets in Resources */,
				21C061E81D2D5D7900260FAF /* Main.storyboard in Resources */,
			);
			runOnlyForDeploymentPostprocessing = 0;
		};
/* End PBXResourcesBuildPhase section */

/* Begin PBXShellScriptBuildPhase section */
		72AEA5CFA3A3F3C05D79F2A4 /* [CP] Check Pods Manifest.lock */ = {
			isa = PBXShellScriptBuildPhase;
			buildActionMask = 2147483647;
			files = (
			);
			inputPaths = (
			);
			name = "[CP] Check Pods Manifest.lock";
			outputPaths = (
			);
			runOnlyForDeploymentPostprocessing = 0;
			shellPath = /bin/sh;
			shellScript = "diff \"${PODS_ROOT}/../Podfile.lock\" \"${PODS_ROOT}/Manifest.lock\" > /dev/null\nif [[ $? != 0 ]] ; then\n    cat << EOM\nerror: The sandbox is not in sync with the Podfile.lock. Run 'pod install' or update your CocoaPods installation.\nEOM\n    exit 1\nfi\n";
			showEnvVarsInLog = 0;
		};
		877FE46E275EA70C3BB261A3 /* [CP] Copy Pods Resources */ = {
			isa = PBXShellScriptBuildPhase;
			buildActionMask = 2147483647;
			files = (
			);
			inputPaths = (
			);
			name = "[CP] Copy Pods Resources";
			outputPaths = (
			);
			runOnlyForDeploymentPostprocessing = 0;
			shellPath = /bin/sh;
			shellScript = "\"${SRCROOT}/Pods/Target Support Files/Pods-capital💯/Pods-capital💯-resources.sh\"\n";
			showEnvVarsInLog = 0;
		};
		AC8E204BCC2A32EFC4CD87C3 /* [CP] Embed Pods Frameworks */ = {
			isa = PBXShellScriptBuildPhase;
			buildActionMask = 2147483647;
			files = (
			);
			inputPaths = (
			);
			name = "[CP] Embed Pods Frameworks";
			outputPaths = (
			);
			runOnlyForDeploymentPostprocessing = 0;
			shellPath = /bin/sh;
			shellScript = "\"${SRCROOT}/Pods/Target Support Files/Pods-capital💯/Pods-capital💯-frameworks.sh\"\n";
			showEnvVarsInLog = 0;
		};
/* End PBXShellScriptBuildPhase section */

/* Begin PBXSourcesBuildPhase section */
		21C061DB1D2D5D7900260FAF /* Sources */ = {
			isa = PBXSourcesBuildPhase;
			buildActionMask = 2147483647;
			files = (
				21C061F51D2D735800260FAF /* LoginViewController.swift in Sources */,
				21C061E31D2D5D7900260FAF /* AppDelegate.swift in Sources */,
				21C061FB1D2D767000260FAF /* AssistanceViewController.swift in Sources */,
				21C062031D2D912800260FAF /* IssueTableViewCell.swift in Sources */,
				21D244E21D2EB1D100DEF7D6 /* HelpFoundViewController.swift in Sources */,
				21C061FF1D2D769200260FAF /* SettingsViewController.swift in Sources */,
				21C061FD1D2D767A00260FAF /* OrderViewController.swift in Sources */,
				219FDBA11D2E0EC300A5FC2D /* User.swift in Sources */,
			);
			runOnlyForDeploymentPostprocessing = 0;
		};
/* End PBXSourcesBuildPhase section */

/* Begin PBXVariantGroup section */
		21C061E61D2D5D7900260FAF /* Main.storyboard */ = {
			isa = PBXVariantGroup;
			children = (
				21C061E71D2D5D7900260FAF /* Base */,
			);
			name = Main.storyboard;
			sourceTree = "<group>";
		};
		21C061EB1D2D5D7900260FAF /* LaunchScreen.storyboard */ = {
			isa = PBXVariantGroup;
			children = (
				21C061EC1D2D5D7900260FAF /* Base */,
			);
			name = LaunchScreen.storyboard;
			sourceTree = "<group>";
		};
/* End PBXVariantGroup section */

/* Begin XCBuildConfiguration section */
		21C061EF1D2D5D7900260FAF /* Debug */ = {
			isa = XCBuildConfiguration;
			buildSettings = {
				ALWAYS_SEARCH_USER_PATHS = NO;
				CLANG_ANALYZER_NONNULL = YES;
				CLANG_CXX_LANGUAGE_STANDARD = "gnu++0x";
				CLANG_CXX_LIBRARY = "libc++";
				CLANG_ENABLE_MODULES = YES;
				CLANG_ENABLE_OBJC_ARC = YES;
				CLANG_WARN_BOOL_CONVERSION = YES;
				CLANG_WARN_CONSTANT_CONVERSION = YES;
				CLANG_WARN_DIRECT_OBJC_ISA_USAGE = YES_ERROR;
				CLANG_WARN_EMPTY_BODY = YES;
				CLANG_WARN_ENUM_CONVERSION = YES;
				CLANG_WARN_INT_CONVERSION = YES;
				CLANG_WARN_OBJC_ROOT_CLASS = YES_ERROR;
				CLANG_WARN_UNREACHABLE_CODE = YES;
				CLANG_WARN__DUPLICATE_METHOD_MATCH = YES;
				"CODE_SIGN_IDENTITY[sdk=iphoneos*]" = "iPhone Developer";
				COPY_PHASE_STRIP = NO;
				DEBUG_INFORMATION_FORMAT = dwarf;
				ENABLE_STRICT_OBJC_MSGSEND = YES;
				ENABLE_TESTABILITY = YES;
				GCC_C_LANGUAGE_STANDARD = gnu99;
				GCC_DYNAMIC_NO_PIC = NO;
				GCC_NO_COMMON_BLOCKS = YES;
				GCC_OPTIMIZATION_LEVEL = 0;
				GCC_PREPROCESSOR_DEFINITIONS = (
					"DEBUG=1",
					"$(inherited)",
				);
				GCC_WARN_64_TO_32_BIT_CONVERSION = YES;
				GCC_WARN_ABOUT_RETURN_TYPE = YES_ERROR;
				GCC_WARN_UNDECLARED_SELECTOR = YES;
				GCC_WARN_UNINITIALIZED_AUTOS = YES_AGGRESSIVE;
				GCC_WARN_UNUSED_FUNCTION = YES;
				GCC_WARN_UNUSED_VARIABLE = YES;
				IPHONEOS_DEPLOYMENT_TARGET = 9.3;
				MTL_ENABLE_DEBUG_INFO = YES;
				ONLY_ACTIVE_ARCH = YES;
				SDKROOT = iphoneos;
				SWIFT_OPTIMIZATION_LEVEL = "-Onone";
			};
			name = Debug;
		};
		21C061F01D2D5D7900260FAF /* Release */ = {
			isa = XCBuildConfiguration;
			buildSettings = {
				ALWAYS_SEARCH_USER_PATHS = NO;
				CLANG_ANALYZER_NONNULL = YES;
				CLANG_CXX_LANGUAGE_STANDARD = "gnu++0x";
				CLANG_CXX_LIBRARY = "libc++";
				CLANG_ENABLE_MODULES = YES;
				CLANG_ENABLE_OBJC_ARC = YES;
				CLANG_WARN_BOOL_CONVERSION = YES;
				CLANG_WARN_CONSTANT_CONVERSION = YES;
				CLANG_WARN_DIRECT_OBJC_ISA_USAGE = YES_ERROR;
				CLANG_WARN_EMPTY_BODY = YES;
				CLANG_WARN_ENUM_CONVERSION = YES;
				CLANG_WARN_INT_CONVERSION = YES;
				CLANG_WARN_OBJC_ROOT_CLASS = YES_ERROR;
				CLANG_WARN_UNREACHABLE_CODE = YES;
				CLANG_WARN__DUPLICATE_METHOD_MATCH = YES;
				"CODE_SIGN_IDENTITY[sdk=iphoneos*]" = "iPhone Developer";
				COPY_PHASE_STRIP = NO;
				DEBUG_INFORMATION_FORMAT = "dwarf-with-dsym";
				ENABLE_NS_ASSERTIONS = NO;
				ENABLE_STRICT_OBJC_MSGSEND = YES;
				GCC_C_LANGUAGE_STANDARD = gnu99;
				GCC_NO_COMMON_BLOCKS = YES;
				GCC_WARN_64_TO_32_BIT_CONVERSION = YES;
				GCC_WARN_ABOUT_RETURN_TYPE = YES_ERROR;
				GCC_WARN_UNDECLARED_SELECTOR = YES;
				GCC_WARN_UNINITIALIZED_AUTOS = YES_AGGRESSIVE;
				GCC_WARN_UNUSED_FUNCTION = YES;
				GCC_WARN_UNUSED_VARIABLE = YES;
				IPHONEOS_DEPLOYMENT_TARGET = 9.3;
				MTL_ENABLE_DEBUG_INFO = NO;
				SDKROOT = iphoneos;
				VALIDATE_PRODUCT = YES;
			};
			name = Release;
		};
		21C061F21D2D5D7900260FAF /* Debug */ = {
			isa = XCBuildConfiguration;
			baseConfigurationReference = 1A83DAB9B48A8A4C0B188883 /* Pods-capital💯.debug.xcconfig */;
			buildSettings = {
				ASSETCATALOG_COMPILER_APPICON_NAME = AppIcon;
				INFOPLIST_FILE = "capital💯/Info.plist";
				LD_RUNPATH_SEARCH_PATHS = "$(inherited) @executable_path/Frameworks";
				PRODUCT_BUNDLE_IDENTIFIER = "com.capitalone.capital--";
				PRODUCT_NAME = "$(TARGET_NAME)";
			};
			name = Debug;
		};
		21C061F31D2D5D7900260FAF /* Release */ = {
			isa = XCBuildConfiguration;
			baseConfigurationReference = 0BFAB7D0072C472DA1BFBD15 /* Pods-capital💯.release.xcconfig */;
			buildSettings = {
				ASSETCATALOG_COMPILER_APPICON_NAME = AppIcon;
				INFOPLIST_FILE = "capital💯/Info.plist";
				LD_RUNPATH_SEARCH_PATHS = "$(inherited) @executable_path/Frameworks";
				PRODUCT_BUNDLE_IDENTIFIER = "com.capitalone.capital--";
				PRODUCT_NAME = "$(TARGET_NAME)";
			};
			name = Release;
		};
/* End XCBuildConfiguration section */

/* Begin XCConfigurationList section */
		21C061DA1D2D5D7900260FAF /* Build configuration list for PBXProject "capital💯" */ = {
			isa = XCConfigurationList;
			buildConfigurations = (
				21C061EF1D2D5D7900260FAF /* Debug */,
				21C061F01D2D5D7900260FAF /* Release */,
			);
			defaultConfigurationIsVisible = 0;
			defaultConfigurationName = Release;
		};
		21C061F11D2D5D7900260FAF /* Build configuration list for PBXNativeTarget "capital💯" */ = {
			isa = XCConfigurationList;
			buildConfigurations = (
				21C061F21D2D5D7900260FAF /* Debug */,
				21C061F31D2D5D7900260FAF /* Release */,
			);
			defaultConfigurationIsVisible = 0;
			defaultConfigurationName = Release;
		};
/* End XCConfigurationList section */
	};
	rootObject = 21C061D71D2D5D7900260FAF /* Project object */;
}
